
Microsoft Visual Studio Solution File, Format Version 12.00
Project("{FAE04EC0-301F-11D3-BF4B-00C04F79EFBC}") = "Battleship", "Battleship.csproj", "{C0D4D134-9D56-403F-98C6-D93BBBB91590}"
EndProject
Global
	GlobalSection(SolutionConfigurationPlatforms) = preSolution
		Debug|Any CPU = Debug|Any CPU
		Release|Any CPU = Release|Any CPU
	EndGlobalSection
	GlobalSection(ProjectConfigurationPlatforms) = postSolution
		{C0D4D134-9D56-403F-98C6-D93BBBB91590}.Debug|Any CPU.ActiveCfg = Debug|Any CPU
		{C0D4D134-9D56-403F-98C6-D93BBBB91590}.Debug|Any CPU.Build.0 = Debug|Any CPU
		{C0D4D134-9D56-403F-98C6-D93BBBB91590}.Release|Any CPU.ActiveCfg = Release|Any CPU
		{C0D4D134-9D56-403F-98C6-D93BBBB91590}.Release|Any CPU.Build.0 = Release|Any CPU
	EndGlobalSection
EndGlobal
